
Microsoft Visual Studio Solution File, Format Version 12.00
# Visual Studio Version 16
VisualStudioVersion = 16.0.29519.87
MinimumVisualStudioVersion = 10.0.40219.1
Project("{FAE04EC0-301F-11D3-BF4B-00C04F79EFBC}") = "sykkelkonken.Service", "sykkelkonken.Service\sykkelkonken.Service.csproj", "{6FFE9BF7-E857-4000-9D08-6CE9205D7D9F}"
EndProject
Project("{FAE04EC0-301F-11D3-BF4B-00C04F79EFBC}") = "sykkelkonken.Data", "sykkelkonken.Data\sykkelkonken.Data.csproj", "{1F0CB31A-025C-457C-B09F-91EBC88D9C86}"
EndProject
Global
	GlobalSection(SolutionConfigurationPlatforms) = preSolution
		Debug|Any CPU = Debug|Any CPU
		Release|Any CPU = Release|Any CPU
	EndGlobalSection
	GlobalSection(ProjectConfigurationPlatforms) = postSolution
		{6FFE9BF7-E857-4000-9D08-6CE9205D7D9F}.Debug|Any CPU.ActiveCfg = Debug|Any CPU
		{6FFE9BF7-E857-4000-9D08-6CE9205D7D9F}.Debug|Any CPU.Build.0 = Debug|Any CPU
		{6FFE9BF7-E857-4000-9D08-6CE9205D7D9F}.Release|Any CPU.ActiveCfg = Release|Any CPU
		{6FFE9BF7-E857-4000-9D08-6CE9205D7D9F}.Release|Any CPU.Build.0 = Release|Any CPU
		{1F0CB31A-025C-457C-B09F-91EBC88D9C86}.Debug|Any CPU.ActiveCfg = Debug|Any CPU
		{1F0CB31A-025C-457C-B09F-91EBC88D9C86}.Debug|Any CPU.Build.0 = Debug|Any CPU
		{1F0CB31A-025C-457C-B09F-91EBC88D9C86}.Release|Any CPU.ActiveCfg = Release|Any CPU
		{1F0CB31A-025C-457C-B09F-91EBC88D9C86}.Release|Any CPU.Build.0 = Release|Any CPU
	EndGlobalSection
	GlobalSection(SolutionProperties) = preSolution
		HideSolutionNode = FALSE
	EndGlobalSection
	GlobalSection(ExtensibilityGlobals) = postSolution
		SolutionGuid = {13EB02A7-8472-404E-B7B8-C9F04CA601D7}
	EndGlobalSection
EndGlobal
